
Microsoft Visual Studio Solution File, Format Version 12.00
# Visual Studio Version 16
VisualStudioVersion = 16.0.31005.135
MinimumVisualStudioVersion = 10.0.40219.1
Project("{FAE04EC0-301F-11D3-BF4B-00C04F79EFBC}") = "Khernet.Installer.Launcher", "Khernet.Installer.Launcher\Khernet.Installer.Launcher.csproj", "{A9ED272E-3C92-4223-BD5D-2D979733E8A1}"
EndProject
Project("{2150E333-8FDC-42A3-9474-1A3956D46DE8}") = "Khernet.Installer.Updater", "Khernet.Installer.Updater", "{CF93C2BE-33DE-42DC-966B-A50683983703}"
	ProjectSection(SolutionItems) = preProject
		Khernet.Installer.Updater\generate_release.bat = Khernet.Installer.Updater\generate_release.bat
	EndProjectSection
EndProject
Project("{2150E333-8FDC-42A3-9474-1A3956D46DE8}") = "src", "src", "{894B5AB2-F3FE-4BF5-A6B2-BB3FDB3FDCB2}"
	ProjectSection(SolutionItems) = preProject
		Khernet.Installer.Updater\src\Khernet.nuspec = Khernet.Installer.Updater\src\Khernet.nuspec
	EndProjectSection
EndProject
Global
	GlobalSection(SolutionConfigurationPlatforms) = preSolution
		Debug|Any CPU = Debug|Any CPU
		Debug|x86 = Debug|x86
		Release|Any CPU = Release|Any CPU
		Release|x86 = Release|x86
	EndGlobalSection
	GlobalSection(ProjectConfigurationPlatforms) = postSolution
		{A9ED272E-3C92-4223-BD5D-2D979733E8A1}.Debug|Any CPU.ActiveCfg = Debug|Any CPU
		{A9ED272E-3C92-4223-BD5D-2D979733E8A1}.Debug|Any CPU.Build.0 = Debug|Any CPU
		{A9ED272E-3C92-4223-BD5D-2D979733E8A1}.Debug|x86.ActiveCfg = Debug|x86
		{A9ED272E-3C92-4223-BD5D-2D979733E8A1}.Debug|x86.Build.0 = Debug|x86
		{A9ED272E-3C92-4223-BD5D-2D979733E8A1}.Release|Any CPU.ActiveCfg = Release|Any CPU
		{A9ED272E-3C92-4223-BD5D-2D979733E8A1}.Release|Any CPU.Build.0 = Release|Any CPU
		{A9ED272E-3C92-4223-BD5D-2D979733E8A1}.Release|x86.ActiveCfg = Release|x86
		{A9ED272E-3C92-4223-BD5D-2D979733E8A1}.Release|x86.Build.0 = Release|x86
	EndGlobalSection
	GlobalSection(SolutionProperties) = preSolution
		HideSolutionNode = FALSE
	EndGlobalSection
	GlobalSection(NestedProjects) = preSolution
		{894B5AB2-F3FE-4BF5-A6B2-BB3FDB3FDCB2} = {CF93C2BE-33DE-42DC-966B-A50683983703}
	EndGlobalSection
	GlobalSection(ExtensibilityGlobals) = postSolution
		SolutionGuid = {1A6F95BD-2A5D-4D90-8FEF-CCAB25F4735D}
	EndGlobalSection
EndGlobal
