
Microsoft Visual Studio Solution File, Format Version 12.00
# Visual Studio Version 16
VisualStudioVersion = 16.0.29613.14
MinimumVisualStudioVersion = 10.0.40219.1
Project("{FAE04EC0-301F-11D3-BF4B-00C04F79EFBC}") = "Khernet.Core.Utility", "Engine\Khernet.Core.Utility\Khernet.Core.Utility.csproj", "{A3929EEA-4357-4E52-A21D-57B87AA01F45}"
EndProject
Project("{FAE04EC0-301F-11D3-BF4B-00C04F79EFBC}") = "Khernet.Core.Host", "Engine\Khernet.Core.Host\Khernet.Core.Host.csproj", "{296F9656-A765-4FDB-9B3E-1A1E919179A5}"
	ProjectSection(ProjectDependencies) = postProject
		{ED587F5E-4F8C-496B-93BD-5EF9F8AF5E56} = {ED587F5E-4F8C-496B-93BD-5EF9F8AF5E56}
		{F81F5563-DBCD-4C69-9154-E4C4B0931F24} = {F81F5563-DBCD-4C69-9154-E4C4B0931F24}
		{5B05F570-D3FB-4DFB-84BA-BCF0CBDFC1AD} = {5B05F570-D3FB-4DFB-84BA-BCF0CBDFC1AD}
		{D7E49E7E-91EB-47C7-A93D-BBE0C0A85971} = {D7E49E7E-91EB-47C7-A93D-BBE0C0A85971}
		{89E3CF8D-CEC4-4FA2-8AFD-A8D81593B30B} = {89E3CF8D-CEC4-4FA2-8AFD-A8D81593B30B}
		{D1CEF3A2-00D0-4FC9-8062-51B31FA08134} = {D1CEF3A2-00D0-4FC9-8062-51B31FA08134}
		{BA5C1EAC-4E16-4AD8-882E-B45BD14F1CFB} = {BA5C1EAC-4E16-4AD8-882E-B45BD14F1CFB}
		{778E73D1-E495-4C04-9DBB-B91D6FB5388F} = {778E73D1-E495-4C04-9DBB-B91D6FB5388F}
	EndProjectSection
EndProject
Project("{FAE04EC0-301F-11D3-BF4B-00C04F79EFBC}") = "Khernet.Core.Processor", "Engine\Khernet.Core.Processor\Khernet.Core.Processor.csproj", "{D7E49E7E-91EB-47C7-A93D-BBE0C0A85971}"
	ProjectSection(ProjectDependencies) = postProject
		{ED587F5E-4F8C-496B-93BD-5EF9F8AF5E56} = {ED587F5E-4F8C-496B-93BD-5EF9F8AF5E56}
		{F81F5563-DBCD-4C69-9154-E4C4B0931F24} = {F81F5563-DBCD-4C69-9154-E4C4B0931F24}
		{5B05F570-D3FB-4DFB-84BA-BCF0CBDFC1AD} = {5B05F570-D3FB-4DFB-84BA-BCF0CBDFC1AD}
		{89E3CF8D-CEC4-4FA2-8AFD-A8D81593B30B} = {89E3CF8D-CEC4-4FA2-8AFD-A8D81593B30B}
		{D1CEF3A2-00D0-4FC9-8062-51B31FA08134} = {D1CEF3A2-00D0-4FC9-8062-51B31FA08134}
		{A3929EEA-4357-4E52-A21D-57B87AA01F45} = {A3929EEA-4357-4E52-A21D-57B87AA01F45}
	EndProjectSection
EndProject
Project("{FAE04EC0-301F-11D3-BF4B-00C04F79EFBC}") = "Khernet.Core.Data", "Engine\Khernet.Core.Data\Khernet.Core.Data.csproj", "{17D0F7BF-471F-431C-B616-6269B5BC04DC}"
	ProjectSection(ProjectDependencies) = postProject
		{ED587F5E-4F8C-496B-93BD-5EF9F8AF5E56} = {ED587F5E-4F8C-496B-93BD-5EF9F8AF5E56}
		{5B05F570-D3FB-4DFB-84BA-BCF0CBDFC1AD} = {5B05F570-D3FB-4DFB-84BA-BCF0CBDFC1AD}
	EndProjectSection
EndProject
Project("{FAE04EC0-301F-11D3-BF4B-00C04F79EFBC}") = "Khernet.Core.Common", "Engine\Khernet.Core.Common\Khernet.Core.Common.csproj", "{5B05F570-D3FB-4DFB-84BA-BCF0CBDFC1AD}"
	ProjectSection(ProjectDependencies) = postProject
		{A3929EEA-4357-4E52-A21D-57B87AA01F45} = {A3929EEA-4357-4E52-A21D-57B87AA01F45}
	EndProjectSection
EndProject
Project("{FAE04EC0-301F-11D3-BF4B-00C04F79EFBC}") = "Khernet.Core.Entity", "Engine\Khernet.Core.Entity\Khernet.Core.Entity.csproj", "{ED587F5E-4F8C-496B-93BD-5EF9F8AF5E56}"
	ProjectSection(ProjectDependencies) = postProject
		{89E3CF8D-CEC4-4FA2-8AFD-A8D81593B30B} = {89E3CF8D-CEC4-4FA2-8AFD-A8D81593B30B}
	EndProjectSection
EndProject
Project("{FAE04EC0-301F-11D3-BF4B-00C04F79EFBC}") = "Khernet.Core.Container", "Engine\Khernet.Core.Container\Khernet.Core.Container.csproj", "{3E38A67A-905B-42AC-9714-592EE782F0AA}"
EndProject
Project("{2150E333-8FDC-42A3-9474-1A3956D46DE8}") = "Services", "Services", "{86B5C50A-53C6-4434-93BE-FBD9EFFDC6A2}"
EndProject
Project("{2150E333-8FDC-42A3-9474-1A3956D46DE8}") = "Engine", "Engine", "{6A5DA6BF-A8D7-4E47-8C18-938C313D5962}"
EndProject
Project("{FAE04EC0-301F-11D3-BF4B-00C04F79EFBC}") = "Khernet.Services.Client", "Services\Khernet.Services.Client\Khernet.Services.Client.csproj", "{F81F5563-DBCD-4C69-9154-E4C4B0931F24}"
EndProject
Project("{FAE04EC0-301F-11D3-BF4B-00C04F79EFBC}") = "Khernet.Services.Common", "Services\Khernet.Services.Common\Khernet.Services.Common.csproj", "{BA5C1EAC-4E16-4AD8-882E-B45BD14F1CFB}"
EndProject
Project("{FAE04EC0-301F-11D3-BF4B-00C04F79EFBC}") = "Khernet.Services.Contracts", "Services\Khernet.Services.Contracts\Khernet.Services.Contracts.csproj", "{D1CEF3A2-00D0-4FC9-8062-51B31FA08134}"
EndProject
Project("{FAE04EC0-301F-11D3-BF4B-00C04F79EFBC}") = "Khernet.Services.Messages", "Services\Khernet.Services.Messages\Khernet.Services.Messages.csproj", "{89E3CF8D-CEC4-4FA2-8AFD-A8D81593B30B}"
EndProject
Project("{FAE04EC0-301F-11D3-BF4B-00C04F79EFBC}") = "Khernet.Services.WCF", "Services\Khernet.Services.WCF\Khernet.Services.WCF.csproj", "{778E73D1-E495-4C04-9DBB-B91D6FB5388F}"
EndProject
Global
	GlobalSection(SolutionConfigurationPlatforms) = preSolution
		Debug|Any CPU = Debug|Any CPU
		Debug|x86 = Debug|x86
		Release|Any CPU = Release|Any CPU
		Release|x86 = Release|x86
	EndGlobalSection
	GlobalSection(ProjectConfigurationPlatforms) = postSolution
		{A3929EEA-4357-4E52-A21D-57B87AA01F45}.Debug|Any CPU.ActiveCfg = Debug|Any CPU
		{A3929EEA-4357-4E52-A21D-57B87AA01F45}.Debug|Any CPU.Build.0 = Debug|Any CPU
		{A3929EEA-4357-4E52-A21D-57B87AA01F45}.Debug|x86.ActiveCfg = Debug|x86
		{A3929EEA-4357-4E52-A21D-57B87AA01F45}.Debug|x86.Build.0 = Debug|x86
		{A3929EEA-4357-4E52-A21D-57B87AA01F45}.Release|Any CPU.ActiveCfg = Release|Any CPU
		{A3929EEA-4357-4E52-A21D-57B87AA01F45}.Release|Any CPU.Build.0 = Release|Any CPU
		{A3929EEA-4357-4E52-A21D-57B87AA01F45}.Release|x86.ActiveCfg = Release|x86
		{A3929EEA-4357-4E52-A21D-57B87AA01F45}.Release|x86.Build.0 = Release|x86
		{296F9656-A765-4FDB-9B3E-1A1E919179A5}.Debug|Any CPU.ActiveCfg = Debug|Any CPU
		{296F9656-A765-4FDB-9B3E-1A1E919179A5}.Debug|Any CPU.Build.0 = Debug|Any CPU
		{296F9656-A765-4FDB-9B3E-1A1E919179A5}.Debug|x86.ActiveCfg = Debug|x86
		{296F9656-A765-4FDB-9B3E-1A1E919179A5}.Debug|x86.Build.0 = Debug|x86
		{296F9656-A765-4FDB-9B3E-1A1E919179A5}.Release|Any CPU.ActiveCfg = Release|Any CPU
		{296F9656-A765-4FDB-9B3E-1A1E919179A5}.Release|Any CPU.Build.0 = Release|Any CPU
		{296F9656-A765-4FDB-9B3E-1A1E919179A5}.Release|x86.ActiveCfg = Release|x86
		{296F9656-A765-4FDB-9B3E-1A1E919179A5}.Release|x86.Build.0 = Release|x86
		{D7E49E7E-91EB-47C7-A93D-BBE0C0A85971}.Debug|Any CPU.ActiveCfg = Debug|Any CPU
		{D7E49E7E-91EB-47C7-A93D-BBE0C0A85971}.Debug|Any CPU.Build.0 = Debug|Any CPU
		{D7E49E7E-91EB-47C7-A93D-BBE0C0A85971}.Debug|x86.ActiveCfg = Debug|x86
		{D7E49E7E-91EB-47C7-A93D-BBE0C0A85971}.Debug|x86.Build.0 = Debug|x86
		{D7E49E7E-91EB-47C7-A93D-BBE0C0A85971}.Release|Any CPU.ActiveCfg = Release|Any CPU
		{D7E49E7E-91EB-47C7-A93D-BBE0C0A85971}.Release|Any CPU.Build.0 = Release|Any CPU
		{D7E49E7E-91EB-47C7-A93D-BBE0C0A85971}.Release|x86.ActiveCfg = Release|x86
		{D7E49E7E-91EB-47C7-A93D-BBE0C0A85971}.Release|x86.Build.0 = Release|x86
		{17D0F7BF-471F-431C-B616-6269B5BC04DC}.Debug|Any CPU.ActiveCfg = Debug|Any CPU
		{17D0F7BF-471F-431C-B616-6269B5BC04DC}.Debug|Any CPU.Build.0 = Debug|Any CPU
		{17D0F7BF-471F-431C-B616-6269B5BC04DC}.Debug|x86.ActiveCfg = Debug|x86
		{17D0F7BF-471F-431C-B616-6269B5BC04DC}.Debug|x86.Build.0 = Debug|x86
		{17D0F7BF-471F-431C-B616-6269B5BC04DC}.Release|Any CPU.ActiveCfg = Release|Any CPU
		{17D0F7BF-471F-431C-B616-6269B5BC04DC}.Release|Any CPU.Build.0 = Release|Any CPU
		{17D0F7BF-471F-431C-B616-6269B5BC04DC}.Release|x86.ActiveCfg = Release|x86
		{17D0F7BF-471F-431C-B616-6269B5BC04DC}.Release|x86.Build.0 = Release|x86
		{5B05F570-D3FB-4DFB-84BA-BCF0CBDFC1AD}.Debug|Any CPU.ActiveCfg = Debug|Any CPU
		{5B05F570-D3FB-4DFB-84BA-BCF0CBDFC1AD}.Debug|Any CPU.Build.0 = Debug|Any CPU
		{5B05F570-D3FB-4DFB-84BA-BCF0CBDFC1AD}.Debug|x86.ActiveCfg = Debug|x86
		{5B05F570-D3FB-4DFB-84BA-BCF0CBDFC1AD}.Debug|x86.Build.0 = Debug|x86
		{5B05F570-D3FB-4DFB-84BA-BCF0CBDFC1AD}.Release|Any CPU.ActiveCfg = Release|Any CPU
		{5B05F570-D3FB-4DFB-84BA-BCF0CBDFC1AD}.Release|Any CPU.Build.0 = Release|Any CPU
		{5B05F570-D3FB-4DFB-84BA-BCF0CBDFC1AD}.Release|x86.ActiveCfg = Release|x86
		{5B05F570-D3FB-4DFB-84BA-BCF0CBDFC1AD}.Release|x86.Build.0 = Release|x86
		{ED587F5E-4F8C-496B-93BD-5EF9F8AF5E56}.Debug|Any CPU.ActiveCfg = Debug|Any CPU
		{ED587F5E-4F8C-496B-93BD-5EF9F8AF5E56}.Debug|Any CPU.Build.0 = Debug|Any CPU
		{ED587F5E-4F8C-496B-93BD-5EF9F8AF5E56}.Debug|x86.ActiveCfg = Debug|x86
		{ED587F5E-4F8C-496B-93BD-5EF9F8AF5E56}.Debug|x86.Build.0 = Debug|x86
		{ED587F5E-4F8C-496B-93BD-5EF9F8AF5E56}.Release|Any CPU.ActiveCfg = Release|Any CPU
		{ED587F5E-4F8C-496B-93BD-5EF9F8AF5E56}.Release|Any CPU.Build.0 = Release|Any CPU
		{ED587F5E-4F8C-496B-93BD-5EF9F8AF5E56}.Release|x86.ActiveCfg = Release|x86
		{ED587F5E-4F8C-496B-93BD-5EF9F8AF5E56}.Release|x86.Build.0 = Release|x86
		{3E38A67A-905B-42AC-9714-592EE782F0AA}.Debug|Any CPU.ActiveCfg = Debug|Any CPU
		{3E38A67A-905B-42AC-9714-592EE782F0AA}.Debug|Any CPU.Build.0 = Debug|Any CPU
		{3E38A67A-905B-42AC-9714-592EE782F0AA}.Debug|x86.ActiveCfg = Debug|x86
		{3E38A67A-905B-42AC-9714-592EE782F0AA}.Debug|x86.Build.0 = Debug|x86
		{3E38A67A-905B-42AC-9714-592EE782F0AA}.Release|Any CPU.ActiveCfg = Release|Any CPU
		{3E38A67A-905B-42AC-9714-592EE782F0AA}.Release|Any CPU.Build.0 = Release|Any CPU
		{3E38A67A-905B-42AC-9714-592EE782F0AA}.Release|x86.ActiveCfg = Release|x86
		{3E38A67A-905B-42AC-9714-592EE782F0AA}.Release|x86.Build.0 = Release|x86
		{F81F5563-DBCD-4C69-9154-E4C4B0931F24}.Debug|Any CPU.ActiveCfg = Debug|Any CPU
		{F81F5563-DBCD-4C69-9154-E4C4B0931F24}.Debug|Any CPU.Build.0 = Debug|Any CPU
		{F81F5563-DBCD-4C69-9154-E4C4B0931F24}.Debug|x86.ActiveCfg = Debug|x86
		{F81F5563-DBCD-4C69-9154-E4C4B0931F24}.Debug|x86.Build.0 = Debug|x86
		{F81F5563-DBCD-4C69-9154-E4C4B0931F24}.Release|Any CPU.ActiveCfg = Release|Any CPU
		{F81F5563-DBCD-4C69-9154-E4C4B0931F24}.Release|Any CPU.Build.0 = Release|Any CPU
		{F81F5563-DBCD-4C69-9154-E4C4B0931F24}.Release|x86.ActiveCfg = Release|x86
		{F81F5563-DBCD-4C69-9154-E4C4B0931F24}.Release|x86.Build.0 = Release|x86
		{BA5C1EAC-4E16-4AD8-882E-B45BD14F1CFB}.Debug|Any CPU.ActiveCfg = Debug|Any CPU
		{BA5C1EAC-4E16-4AD8-882E-B45BD14F1CFB}.Debug|Any CPU.Build.0 = Debug|Any CPU
		{BA5C1EAC-4E16-4AD8-882E-B45BD14F1CFB}.Debug|x86.ActiveCfg = Debug|x86
		{BA5C1EAC-4E16-4AD8-882E-B45BD14F1CFB}.Debug|x86.Build.0 = Debug|x86
		{BA5C1EAC-4E16-4AD8-882E-B45BD14F1CFB}.Release|Any CPU.ActiveCfg = Release|Any CPU
		{BA5C1EAC-4E16-4AD8-882E-B45BD14F1CFB}.Release|Any CPU.Build.0 = Release|Any CPU
		{BA5C1EAC-4E16-4AD8-882E-B45BD14F1CFB}.Release|x86.ActiveCfg = Release|x86
		{BA5C1EAC-4E16-4AD8-882E-B45BD14F1CFB}.Release|x86.Build.0 = Release|x86
		{D1CEF3A2-00D0-4FC9-8062-51B31FA08134}.Debug|Any CPU.ActiveCfg = Debug|Any CPU
		{D1CEF3A2-00D0-4FC9-8062-51B31FA08134}.Debug|Any CPU.Build.0 = Debug|Any CPU
		{D1CEF3A2-00D0-4FC9-8062-51B31FA08134}.Debug|x86.ActiveCfg = Debug|x86
		{D1CEF3A2-00D0-4FC9-8062-51B31FA08134}.Debug|x86.Build.0 = Debug|x86
		{D1CEF3A2-00D0-4FC9-8062-51B31FA08134}.Release|Any CPU.ActiveCfg = Release|Any CPU
		{D1CEF3A2-00D0-4FC9-8062-51B31FA08134}.Release|Any CPU.Build.0 = Release|Any CPU
		{D1CEF3A2-00D0-4FC9-8062-51B31FA08134}.Release|x86.ActiveCfg = Release|x86
		{D1CEF3A2-00D0-4FC9-8062-51B31FA08134}.Release|x86.Build.0 = Release|x86
		{89E3CF8D-CEC4-4FA2-8AFD-A8D81593B30B}.Debug|Any CPU.ActiveCfg = Debug|Any CPU
		{89E3CF8D-CEC4-4FA2-8AFD-A8D81593B30B}.Debug|Any CPU.Build.0 = Debug|Any CPU
		{89E3CF8D-CEC4-4FA2-8AFD-A8D81593B30B}.Debug|x86.ActiveCfg = Debug|x86
		{89E3CF8D-CEC4-4FA2-8AFD-A8D81593B30B}.Debug|x86.Build.0 = Debug|x86
		{89E3CF8D-CEC4-4FA2-8AFD-A8D81593B30B}.Release|Any CPU.ActiveCfg = Release|Any CPU
		{89E3CF8D-CEC4-4FA2-8AFD-A8D81593B30B}.Release|Any CPU.Build.0 = Release|Any CPU
		{89E3CF8D-CEC4-4FA2-8AFD-A8D81593B30B}.Release|x86.ActiveCfg = Release|x86
		{89E3CF8D-CEC4-4FA2-8AFD-A8D81593B30B}.Release|x86.Build.0 = Release|x86
		{778E73D1-E495-4C04-9DBB-B91D6FB5388F}.Debug|Any CPU.ActiveCfg = Debug|Any CPU
		{778E73D1-E495-4C04-9DBB-B91D6FB5388F}.Debug|Any CPU.Build.0 = Debug|Any CPU
		{778E73D1-E495-4C04-9DBB-B91D6FB5388F}.Debug|x86.ActiveCfg = Debug|x86
		{778E73D1-E495-4C04-9DBB-B91D6FB5388F}.Debug|x86.Build.0 = Debug|x86
		{778E73D1-E495-4C04-9DBB-B91D6FB5388F}.Release|Any CPU.ActiveCfg = Release|Any CPU
		{778E73D1-E495-4C04-9DBB-B91D6FB5388F}.Release|Any CPU.Build.0 = Release|Any CPU
		{778E73D1-E495-4C04-9DBB-B91D6FB5388F}.Release|x86.ActiveCfg = Release|x86
		{778E73D1-E495-4C04-9DBB-B91D6FB5388F}.Release|x86.Build.0 = Release|x86
	EndGlobalSection
	GlobalSection(SolutionProperties) = preSolution
		HideSolutionNode = FALSE
	EndGlobalSection
	GlobalSection(NestedProjects) = preSolution
		{A3929EEA-4357-4E52-A21D-57B87AA01F45} = {6A5DA6BF-A8D7-4E47-8C18-938C313D5962}
		{296F9656-A765-4FDB-9B3E-1A1E919179A5} = {6A5DA6BF-A8D7-4E47-8C18-938C313D5962}
		{D7E49E7E-91EB-47C7-A93D-BBE0C0A85971} = {6A5DA6BF-A8D7-4E47-8C18-938C313D5962}
		{17D0F7BF-471F-431C-B616-6269B5BC04DC} = {6A5DA6BF-A8D7-4E47-8C18-938C313D5962}
		{5B05F570-D3FB-4DFB-84BA-BCF0CBDFC1AD} = {6A5DA6BF-A8D7-4E47-8C18-938C313D5962}
		{ED587F5E-4F8C-496B-93BD-5EF9F8AF5E56} = {6A5DA6BF-A8D7-4E47-8C18-938C313D5962}
		{3E38A67A-905B-42AC-9714-592EE782F0AA} = {6A5DA6BF-A8D7-4E47-8C18-938C313D5962}
		{F81F5563-DBCD-4C69-9154-E4C4B0931F24} = {86B5C50A-53C6-4434-93BE-FBD9EFFDC6A2}
		{BA5C1EAC-4E16-4AD8-882E-B45BD14F1CFB} = {86B5C50A-53C6-4434-93BE-FBD9EFFDC6A2}
		{D1CEF3A2-00D0-4FC9-8062-51B31FA08134} = {86B5C50A-53C6-4434-93BE-FBD9EFFDC6A2}
		{89E3CF8D-CEC4-4FA2-8AFD-A8D81593B30B} = {86B5C50A-53C6-4434-93BE-FBD9EFFDC6A2}
		{778E73D1-E495-4C04-9DBB-B91D6FB5388F} = {86B5C50A-53C6-4434-93BE-FBD9EFFDC6A2}
	EndGlobalSection
	GlobalSection(ExtensibilityGlobals) = postSolution
		SolutionGuid = {C52CCC43-626D-4F21-AE5E-B2D2E262A40D}
	EndGlobalSection
EndGlobal
